
Microsoft Visual Studio Solution File, Format Version 12.00
# Visual Studio Version 17
VisualStudioVersion = 17.3.32922.545
MinimumVisualStudioVersion = 10.0.40219.1
Project("{9A19103F-16F7-4668-BE54-9A1E7A4F7556}") = "Toets1_Start", "Toets1_Start\Toets1_Start.csproj", "{DDE3EA23-2A51-4076-946D-909FB698DBF7}"
EndProject
Project("{FAE04EC0-301F-11D3-BF4B-00C04F79EFBC}") = "Toets1Tests", "Toets1Tests\Toets1Tests.csproj", "{0DE5FCE7-D5D5-4D5E-8000-E379287CC98D}"
EndProject
Global
	GlobalSection(SolutionConfigurationPlatforms) = preSolution
		Debug|Any CPU = Debug|Any CPU
		Release|Any CPU = Release|Any CPU
	EndGlobalSection
	GlobalSection(ProjectConfigurationPlatforms) = postSolution
		{DDE3EA23-2A51-4076-946D-909FB698DBF7}.Debug|Any CPU.ActiveCfg = Debug|Any CPU
		{DDE3EA23-2A51-4076-946D-909FB698DBF7}.Debug|Any CPU.Build.0 = Debug|Any CPU
		{DDE3EA23-2A51-4076-946D-909FB698DBF7}.Release|Any CPU.ActiveCfg = Release|Any CPU
		{DDE3EA23-2A51-4076-946D-909FB698DBF7}.Release|Any CPU.Build.0 = Release|Any CPU
		{0DE5FCE7-D5D5-4D5E-8000-E379287CC98D}.Debug|Any CPU.ActiveCfg = Debug|Any CPU
		{0DE5FCE7-D5D5-4D5E-8000-E379287CC98D}.Debug|Any CPU.Build.0 = Debug|Any CPU
		{0DE5FCE7-D5D5-4D5E-8000-E379287CC98D}.Release|Any CPU.ActiveCfg = Release|Any CPU
		{0DE5FCE7-D5D5-4D5E-8000-E379287CC98D}.Release|Any CPU.Build.0 = Release|Any CPU
	EndGlobalSection
	GlobalSection(SolutionProperties) = preSolution
		HideSolutionNode = FALSE
	EndGlobalSection
	GlobalSection(ExtensibilityGlobals) = postSolution
		SolutionGuid = {4E335352-9564-43F6-8D59-C0ABBE9C631E}
	EndGlobalSection
EndGlobal
